
Microsoft Visual Studio Solution File, Format Version 12.00
# Visual Studio Version 17
VisualStudioVersion = 17.9.34622.214
MinimumVisualStudioVersion = 10.0.40219.1
Project("{2150E333-8FDC-42A3-9474-1A3956D46DE8}") = "Core", "Core", "{8DA280F8-F5CA-421D-9314-B4865729E754}"
EndProject
Project("{2150E333-8FDC-42A3-9474-1A3956D46DE8}") = "Services", "Services", "{B84C7429-3A14-4606-BF0B-30FC202FD858}"
	ProjectSection(SolutionItems) = preProject
		.gitignore = .gitignore
	EndProjectSection
EndProject
Project("{FAE04EC0-301F-11D3-BF4B-00C04F79EFBC}") = "BookingApp.Bus", "src\core\BookingApp.Bus\BookingApp.Bus.csproj", "{C4377407-C0BB-4A0C-8966-1A3F68C6176B}"
EndProject
Project("{FAE04EC0-301F-11D3-BF4B-00C04F79EFBC}") = "BookingApp.Core", "src\core\BookingApp.Core\BookingApp.Core.csproj", "{AC33013E-BD5B-450C-A534-4C1097CB5148}"
EndProject
Project("{2150E333-8FDC-42A3-9474-1A3956D46DE8}") = "Booking", "Booking", "{1D057F45-4453-4C81-B2FB-1DF9B417488C}"
EndProject
Project("{2150E333-8FDC-42A3-9474-1A3956D46DE8}") = "Flight", "Flight", "{EA5E1A3B-DC7F-4A0A-AD08-E790DABF6634}"
EndProject
Project("{2150E333-8FDC-42A3-9474-1A3956D46DE8}") = "Email", "Email", "{4901F3BB-76A9-4739-BC5D-6D8A2A65FFDE}"
EndProject
Project("{2150E333-8FDC-42A3-9474-1A3956D46DE8}") = "Identity", "Identity", "{ED570A8E-7469-4AC7-B1DA-41CCC16BA1C5}"
EndProject
Project("{2150E333-8FDC-42A3-9474-1A3956D46DE8}") = "Passenger", "Passenger", "{705E0004-B948-4D64-8B1E-54FDBEDACA29}"
EndProject
Project("{FAE04EC0-301F-11D3-BF4B-00C04F79EFBC}") = "BookingApp.Booking.API", "src\services\booking\BookingApp.Booking.API\BookingApp.Booking.API.csproj", "{EBFEEEE9-D27A-40A0-A3E4-C93D6CFBBC12}"
EndProject
Project("{FAE04EC0-301F-11D3-BF4B-00C04F79EFBC}") = "BookingApp.Booking.Domain", "BookingApp.Booking.Domain\BookingApp.Booking.Domain.csproj", "{4DBBAB7D-B4BA-4995-BD7E-F89F8F2DD96E}"
EndProject
Project("{FAE04EC0-301F-11D3-BF4B-00C04F79EFBC}") = "BookingApp.Booking.Infra", "src\services\booking\BookingApp.Booking.Infra\BookingApp.Booking.Infra.csproj", "{6740F43F-0605-45EC-B7BF-4ABC2784A5A0}"
EndProject
Project("{FAE04EC0-301F-11D3-BF4B-00C04F79EFBC}") = "BookingApp.Email", "src\services\email\BookingApp.Email\BookingApp.Email.csproj", "{025C1DB6-D654-4736-AAB1-8A7A2942650B}"
EndProject
Project("{FAE04EC0-301F-11D3-BF4B-00C04F79EFBC}") = "BookingApp.Identity", "src\services\identity\BookingApp.Identity\BookingApp.Identity.csproj", "{FC3424C1-83B7-4497-B1ED-F36F1B5D2E32}"
EndProject
Project("{FAE04EC0-301F-11D3-BF4B-00C04F79EFBC}") = "BookingApp.Passenger", "src\services\passenger\BookingApp.Passenger\BookingApp.Passenger.csproj", "{1330EA3B-5084-4605-BC3A-EEAD8ECF5183}"
EndProject
Project("{FAE04EC0-301F-11D3-BF4B-00C04F79EFBC}") = "BookingApp.Flight.API", "src\services\flight\BookingApp.Flight.API\BookingApp.Flight.API.csproj", "{163753AD-6CD8-460F-A8A1-63B7ED19662E}"
EndProject
Project("{FAE04EC0-301F-11D3-BF4B-00C04F79EFBC}") = "BookingApp.Flight.Domain", "src\services\flight\BookingApp.Flight.Domain\BookingApp.Flight.Domain.csproj", "{41071B0C-94B1-45A8-8AE5-676CDE0EDD22}"
EndProject
Project("{FAE04EC0-301F-11D3-BF4B-00C04F79EFBC}") = "BookingApp.Flight.Infra", "src\services\flight\BookingApp.Flight.Infra\BookingApp.Flight.Infra.csproj", "{910840E9-634B-4B4D-A99A-75A258079283}"
EndProject
Global
	GlobalSection(SolutionConfigurationPlatforms) = preSolution
		Debug|Any CPU = Debug|Any CPU
		Release|Any CPU = Release|Any CPU
	EndGlobalSection
	GlobalSection(ProjectConfigurationPlatforms) = postSolution
		{C4377407-C0BB-4A0C-8966-1A3F68C6176B}.Debug|Any CPU.ActiveCfg = Debug|Any CPU
		{C4377407-C0BB-4A0C-8966-1A3F68C6176B}.Debug|Any CPU.Build.0 = Debug|Any CPU
		{C4377407-C0BB-4A0C-8966-1A3F68C6176B}.Release|Any CPU.ActiveCfg = Release|Any CPU
		{C4377407-C0BB-4A0C-8966-1A3F68C6176B}.Release|Any CPU.Build.0 = Release|Any CPU
		{AC33013E-BD5B-450C-A534-4C1097CB5148}.Debug|Any CPU.ActiveCfg = Debug|Any CPU
		{AC33013E-BD5B-450C-A534-4C1097CB5148}.Debug|Any CPU.Build.0 = Debug|Any CPU
		{AC33013E-BD5B-450C-A534-4C1097CB5148}.Release|Any CPU.ActiveCfg = Release|Any CPU
		{AC33013E-BD5B-450C-A534-4C1097CB5148}.Release|Any CPU.Build.0 = Release|Any CPU
		{EBFEEEE9-D27A-40A0-A3E4-C93D6CFBBC12}.Debug|Any CPU.ActiveCfg = Debug|Any CPU
		{EBFEEEE9-D27A-40A0-A3E4-C93D6CFBBC12}.Debug|Any CPU.Build.0 = Debug|Any CPU
		{EBFEEEE9-D27A-40A0-A3E4-C93D6CFBBC12}.Release|Any CPU.ActiveCfg = Release|Any CPU
		{EBFEEEE9-D27A-40A0-A3E4-C93D6CFBBC12}.Release|Any CPU.Build.0 = Release|Any CPU
		{4DBBAB7D-B4BA-4995-BD7E-F89F8F2DD96E}.Debug|Any CPU.ActiveCfg = Debug|Any CPU
		{4DBBAB7D-B4BA-4995-BD7E-F89F8F2DD96E}.Debug|Any CPU.Build.0 = Debug|Any CPU
		{4DBBAB7D-B4BA-4995-BD7E-F89F8F2DD96E}.Release|Any CPU.ActiveCfg = Release|Any CPU
		{4DBBAB7D-B4BA-4995-BD7E-F89F8F2DD96E}.Release|Any CPU.Build.0 = Release|Any CPU
		{6740F43F-0605-45EC-B7BF-4ABC2784A5A0}.Debug|Any CPU.ActiveCfg = Debug|Any CPU
		{6740F43F-0605-45EC-B7BF-4ABC2784A5A0}.Debug|Any CPU.Build.0 = Debug|Any CPU
		{6740F43F-0605-45EC-B7BF-4ABC2784A5A0}.Release|Any CPU.ActiveCfg = Release|Any CPU
		{6740F43F-0605-45EC-B7BF-4ABC2784A5A0}.Release|Any CPU.Build.0 = Release|Any CPU
		{025C1DB6-D654-4736-AAB1-8A7A2942650B}.Debug|Any CPU.ActiveCfg = Debug|Any CPU
		{025C1DB6-D654-4736-AAB1-8A7A2942650B}.Debug|Any CPU.Build.0 = Debug|Any CPU
		{025C1DB6-D654-4736-AAB1-8A7A2942650B}.Release|Any CPU.ActiveCfg = Release|Any CPU
		{025C1DB6-D654-4736-AAB1-8A7A2942650B}.Release|Any CPU.Build.0 = Release|Any CPU
		{FC3424C1-83B7-4497-B1ED-F36F1B5D2E32}.Debug|Any CPU.ActiveCfg = Debug|Any CPU
		{FC3424C1-83B7-4497-B1ED-F36F1B5D2E32}.Debug|Any CPU.Build.0 = Debug|Any CPU
		{FC3424C1-83B7-4497-B1ED-F36F1B5D2E32}.Release|Any CPU.ActiveCfg = Release|Any CPU
		{FC3424C1-83B7-4497-B1ED-F36F1B5D2E32}.Release|Any CPU.Build.0 = Release|Any CPU
		{1330EA3B-5084-4605-BC3A-EEAD8ECF5183}.Debug|Any CPU.ActiveCfg = Debug|Any CPU
		{1330EA3B-5084-4605-BC3A-EEAD8ECF5183}.Debug|Any CPU.Build.0 = Debug|Any CPU
		{1330EA3B-5084-4605-BC3A-EEAD8ECF5183}.Release|Any CPU.ActiveCfg = Release|Any CPU
		{1330EA3B-5084-4605-BC3A-EEAD8ECF5183}.Release|Any CPU.Build.0 = Release|Any CPU
		{163753AD-6CD8-460F-A8A1-63B7ED19662E}.Debug|Any CPU.ActiveCfg = Debug|Any CPU
		{163753AD-6CD8-460F-A8A1-63B7ED19662E}.Debug|Any CPU.Build.0 = Debug|Any CPU
		{163753AD-6CD8-460F-A8A1-63B7ED19662E}.Release|Any CPU.ActiveCfg = Release|Any CPU
		{163753AD-6CD8-460F-A8A1-63B7ED19662E}.Release|Any CPU.Build.0 = Release|Any CPU
		{41071B0C-94B1-45A8-8AE5-676CDE0EDD22}.Debug|Any CPU.ActiveCfg = Debug|Any CPU
		{41071B0C-94B1-45A8-8AE5-676CDE0EDD22}.Debug|Any CPU.Build.0 = Debug|Any CPU
		{41071B0C-94B1-45A8-8AE5-676CDE0EDD22}.Release|Any CPU.ActiveCfg = Release|Any CPU
		{41071B0C-94B1-45A8-8AE5-676CDE0EDD22}.Release|Any CPU.Build.0 = Release|Any CPU
		{910840E9-634B-4B4D-A99A-75A258079283}.Debug|Any CPU.ActiveCfg = Debug|Any CPU
		{910840E9-634B-4B4D-A99A-75A258079283}.Debug|Any CPU.Build.0 = Debug|Any CPU
		{910840E9-634B-4B4D-A99A-75A258079283}.Release|Any CPU.ActiveCfg = Release|Any CPU
		{910840E9-634B-4B4D-A99A-75A258079283}.Release|Any CPU.Build.0 = Release|Any CPU
	EndGlobalSection
	GlobalSection(SolutionProperties) = preSolution
		HideSolutionNode = FALSE
	EndGlobalSection
	GlobalSection(NestedProjects) = preSolution
		{C4377407-C0BB-4A0C-8966-1A3F68C6176B} = {8DA280F8-F5CA-421D-9314-B4865729E754}
		{AC33013E-BD5B-450C-A534-4C1097CB5148} = {8DA280F8-F5CA-421D-9314-B4865729E754}
		{1D057F45-4453-4C81-B2FB-1DF9B417488C} = {B84C7429-3A14-4606-BF0B-30FC202FD858}
		{EA5E1A3B-DC7F-4A0A-AD08-E790DABF6634} = {B84C7429-3A14-4606-BF0B-30FC202FD858}
		{4901F3BB-76A9-4739-BC5D-6D8A2A65FFDE} = {B84C7429-3A14-4606-BF0B-30FC202FD858}
		{ED570A8E-7469-4AC7-B1DA-41CCC16BA1C5} = {B84C7429-3A14-4606-BF0B-30FC202FD858}
		{705E0004-B948-4D64-8B1E-54FDBEDACA29} = {B84C7429-3A14-4606-BF0B-30FC202FD858}
		{EBFEEEE9-D27A-40A0-A3E4-C93D6CFBBC12} = {1D057F45-4453-4C81-B2FB-1DF9B417488C}
		{4DBBAB7D-B4BA-4995-BD7E-F89F8F2DD96E} = {1D057F45-4453-4C81-B2FB-1DF9B417488C}
		{6740F43F-0605-45EC-B7BF-4ABC2784A5A0} = {1D057F45-4453-4C81-B2FB-1DF9B417488C}
		{025C1DB6-D654-4736-AAB1-8A7A2942650B} = {4901F3BB-76A9-4739-BC5D-6D8A2A65FFDE}
		{FC3424C1-83B7-4497-B1ED-F36F1B5D2E32} = {ED570A8E-7469-4AC7-B1DA-41CCC16BA1C5}
		{1330EA3B-5084-4605-BC3A-EEAD8ECF5183} = {705E0004-B948-4D64-8B1E-54FDBEDACA29}
		{163753AD-6CD8-460F-A8A1-63B7ED19662E} = {EA5E1A3B-DC7F-4A0A-AD08-E790DABF6634}
		{41071B0C-94B1-45A8-8AE5-676CDE0EDD22} = {EA5E1A3B-DC7F-4A0A-AD08-E790DABF6634}
		{910840E9-634B-4B4D-A99A-75A258079283} = {EA5E1A3B-DC7F-4A0A-AD08-E790DABF6634}
	EndGlobalSection
	GlobalSection(ExtensibilityGlobals) = postSolution
		SolutionGuid = {7F089363-9328-4145-8535-E9EC0F4F2F50}
	EndGlobalSection
EndGlobal
